
Microsoft Visual Studio Solution File, Format Version 12.00
# Visual Studio Version 17
VisualStudioVersion = 17.9.34902.65
MinimumVisualStudioVersion = 10.0.40219.1
Project("{9A19103F-16F7-4668-BE54-9A1E7A4F7556}") = "OOP", "OOP\OOP.csproj", "{928FFF75-2AA5-415A-B32B-278E022CFE81}"
EndProject
Global
	GlobalSection(SolutionConfigurationPlatforms) = preSolution
		Debug|Any CPU = Debug|Any CPU
		Release|Any CPU = Release|Any CPU
	EndGlobalSection
	GlobalSection(ProjectConfigurationPlatforms) = postSolution
		{928FFF75-2AA5-415A-B32B-278E022CFE81}.Debug|Any CPU.ActiveCfg = Debug|Any CPU
		{928FFF75-2AA5-415A-B32B-278E022CFE81}.Debug|Any CPU.Build.0 = Debug|Any CPU
		{928FFF75-2AA5-415A-B32B-278E022CFE81}.Release|Any CPU.ActiveCfg = Release|Any CPU
		{928FFF75-2AA5-415A-B32B-278E022CFE81}.Release|Any CPU.Build.0 = Release|Any CPU
	EndGlobalSection
	GlobalSection(SolutionProperties) = preSolution
		HideSolutionNode = FALSE
	EndGlobalSection
	GlobalSection(ExtensibilityGlobals) = postSolution
		SolutionGuid = {A744257B-4289-4D04-A4E5-A07A3E94E12F}
	EndGlobalSection
EndGlobal
